
Microsoft Visual Studio Solution File, Format Version 12.00
# Visual Studio Version 17
VisualStudioVersion = 17.14.36518.9
MinimumVisualStudioVersion = 10.0.40219.1
Project("{FAE04EC0-301F-11D3-BF4B-00C04F79EFBC}") = "Model", "..\Model\Model.csproj", "{0F8C37ED-1978-4611-9551-B5A922AC05B7}"
EndProject
Project("{FAE04EC0-301F-11D3-BF4B-00C04F79EFBC}") = "ConsoleApp", "..\ConsoleApp\ConsoleApp.csproj", "{EA444AB8-ECDC-44DA-A320-932951144906}"
EndProject
Global
	GlobalSection(SolutionConfigurationPlatforms) = preSolution
		Debug|Any CPU = Debug|Any CPU
		Release|Any CPU = Release|Any CPU
	EndGlobalSection
	GlobalSection(ProjectConfigurationPlatforms) = postSolution
		{0F8C37ED-1978-4611-9551-B5A922AC05B7}.Debug|Any CPU.ActiveCfg = Debug|Any CPU
		{0F8C37ED-1978-4611-9551-B5A922AC05B7}.Debug|Any CPU.Build.0 = Debug|Any CPU
		{0F8C37ED-1978-4611-9551-B5A922AC05B7}.Release|Any CPU.ActiveCfg = Release|Any CPU
		{0F8C37ED-1978-4611-9551-B5A922AC05B7}.Release|Any CPU.Build.0 = Release|Any CPU
		{EA444AB8-ECDC-44DA-A320-932951144906}.Debug|Any CPU.ActiveCfg = Debug|Any CPU
		{EA444AB8-ECDC-44DA-A320-932951144906}.Debug|Any CPU.Build.0 = Debug|Any CPU
		{EA444AB8-ECDC-44DA-A320-932951144906}.Release|Any CPU.ActiveCfg = Release|Any CPU
		{EA444AB8-ECDC-44DA-A320-932951144906}.Release|Any CPU.Build.0 = Release|Any CPU
	EndGlobalSection
	GlobalSection(SolutionProperties) = preSolution
		HideSolutionNode = FALSE
	EndGlobalSection
	GlobalSection(ExtensibilityGlobals) = postSolution
		SolutionGuid = {C6B2684D-BDD5-4606-8C23-EA5283CB67ED}
	EndGlobalSection
EndGlobal
